
Microsoft Visual Studio Solution File, Format Version 12.00
# Visual Studio Version 17
VisualStudioVersion = 17.0.31912.275
MinimumVisualStudioVersion = 10.0.40219.1
Project("{FAE04EC0-301F-11D3-BF4B-00C04F79EFBC}") = "Flocon", "Flocon\Flocon.csproj", "{9BEA9D44-4156-4C54-A6BB-C3BAF4DD28DC}"
EndProject
Global
	GlobalSection(SolutionConfigurationPlatforms) = preSolution
		Debug|Any CPU = Debug|Any CPU
		Release|Any CPU = Release|Any CPU
	EndGlobalSection
	GlobalSection(ProjectConfigurationPlatforms) = postSolution
		{9BEA9D44-4156-4C54-A6BB-C3BAF4DD28DC}.Debug|Any CPU.ActiveCfg = Debug|Any CPU
		{9BEA9D44-4156-4C54-A6BB-C3BAF4DD28DC}.Debug|Any CPU.Build.0 = Debug|Any CPU
		{9BEA9D44-4156-4C54-A6BB-C3BAF4DD28DC}.Release|Any CPU.ActiveCfg = Release|Any CPU
		{9BEA9D44-4156-4C54-A6BB-C3BAF4DD28DC}.Release|Any CPU.Build.0 = Release|Any CPU
	EndGlobalSection
	GlobalSection(SolutionProperties) = preSolution
		HideSolutionNode = FALSE
	EndGlobalSection
	GlobalSection(ExtensibilityGlobals) = postSolution
		SolutionGuid = {5D3B4173-897B-4D3F-9754-5FA87D794C30}
	EndGlobalSection
EndGlobal
